
Microsoft Visual Studio Solution File, Format Version 12.00
# Visual Studio Version 17
VisualStudioVersion = 17.10.35122.118
MinimumVisualStudioVersion = 10.0.40219.1
Project("{FAE04EC0-301F-11D3-BF4B-00C04F79EFBC}") = "Assignment2", "Assignment2.csproj", "{888E76A4-4075-443F-A298-11DA495EA851}"
EndProject
Global
	GlobalSection(SolutionConfigurationPlatforms) = preSolution
		Debug|Any CPU = Debug|Any CPU
		Release|Any CPU = Release|Any CPU
	EndGlobalSection
	GlobalSection(ProjectConfigurationPlatforms) = postSolution
		{888E76A4-4075-443F-A298-11DA495EA851}.Debug|Any CPU.ActiveCfg = Debug|Any CPU
		{888E76A4-4075-443F-A298-11DA495EA851}.Debug|Any CPU.Build.0 = Debug|Any CPU
		{888E76A4-4075-443F-A298-11DA495EA851}.Release|Any CPU.ActiveCfg = Release|Any CPU
		{888E76A4-4075-443F-A298-11DA495EA851}.Release|Any CPU.Build.0 = Release|Any CPU
	EndGlobalSection
	GlobalSection(SolutionProperties) = preSolution
		HideSolutionNode = FALSE
	EndGlobalSection
	GlobalSection(ExtensibilityGlobals) = postSolution
		SolutionGuid = {D52C46AC-716D-4247-B2C0-0A6BCFD5C9D3}
	EndGlobalSection
EndGlobal
